
Microsoft Visual Studio Solution File, Format Version 12.00
# Visual Studio Version 17
VisualStudioVersion = 17.2.32630.192
MinimumVisualStudioVersion = 10.0.40219.1
Project("{9A19103F-16F7-4668-BE54-9A1E7A4F7556}") = "MyFinance.App", "src\MyFinance.App\MyFinance.App.csproj", "{2B5D6CA8-5CA8-4B3E-9ADC-F9C86D732011}"
EndProject
Project("{9A19103F-16F7-4668-BE54-9A1E7A4F7556}") = "MyFinance.Data", "src\MyFinance.Data\MyFinance.Data.csproj", "{905C9475-E18D-4CEC-84EF-C84051E50FE2}"
EndProject
Project("{9A19103F-16F7-4668-BE54-9A1E7A4F7556}") = "MyFinance.Business", "src\MyFinance.Business\MyFinance.Business.csproj", "{95663475-B918-4A87-9023-92BBFFB1D6E3}"
EndProject
Global
	GlobalSection(SolutionConfigurationPlatforms) = preSolution
		Debug|Any CPU = Debug|Any CPU
		Release|Any CPU = Release|Any CPU
	EndGlobalSection
	GlobalSection(ProjectConfigurationPlatforms) = postSolution
		{2B5D6CA8-5CA8-4B3E-9ADC-F9C86D732011}.Debug|Any CPU.ActiveCfg = Debug|Any CPU
		{2B5D6CA8-5CA8-4B3E-9ADC-F9C86D732011}.Debug|Any CPU.Build.0 = Debug|Any CPU
		{2B5D6CA8-5CA8-4B3E-9ADC-F9C86D732011}.Release|Any CPU.ActiveCfg = Release|Any CPU
		{2B5D6CA8-5CA8-4B3E-9ADC-F9C86D732011}.Release|Any CPU.Build.0 = Release|Any CPU
		{905C9475-E18D-4CEC-84EF-C84051E50FE2}.Debug|Any CPU.ActiveCfg = Debug|Any CPU
		{905C9475-E18D-4CEC-84EF-C84051E50FE2}.Debug|Any CPU.Build.0 = Debug|Any CPU
		{905C9475-E18D-4CEC-84EF-C84051E50FE2}.Release|Any CPU.ActiveCfg = Release|Any CPU
		{905C9475-E18D-4CEC-84EF-C84051E50FE2}.Release|Any CPU.Build.0 = Release|Any CPU
		{95663475-B918-4A87-9023-92BBFFB1D6E3}.Debug|Any CPU.ActiveCfg = Debug|Any CPU
		{95663475-B918-4A87-9023-92BBFFB1D6E3}.Debug|Any CPU.Build.0 = Debug|Any CPU
		{95663475-B918-4A87-9023-92BBFFB1D6E3}.Release|Any CPU.ActiveCfg = Release|Any CPU
		{95663475-B918-4A87-9023-92BBFFB1D6E3}.Release|Any CPU.Build.0 = Release|Any CPU
	EndGlobalSection
	GlobalSection(SolutionProperties) = preSolution
		HideSolutionNode = FALSE
	EndGlobalSection
	GlobalSection(ExtensibilityGlobals) = postSolution
		SolutionGuid = {655068B1-33A3-4690-B894-FF5CDC80BCC6}
	EndGlobalSection
EndGlobal
